// !$*UTF8*$!
{
	archiveVersion = 1;
	classes = {
	};
	objectVersion = 48;
	objects = {

/* Begin PBXBuildFile section */
		2A2126841F2A9FA300E43DC1 /* DebuggerWindowController.swift in Sources */ = {isa = PBXBuildFile; fileRef = 2A2126831F2A9FA300E43DC1 /* DebuggerWindowController.swift */; };
		2A22EBFB1F21A7A700A36A61 /* IntegerExtensions.swift in Sources */ = {isa = PBXBuildFile; fileRef = 2A22EBFA1F21A7A700A36A61 /* IntegerExtensions.swift */; };
		2A5BC5191F29A28D008C03BE /* AppleScreenView.swift in Sources */ = {isa = PBXBuildFile; fileRef = 2A5BC5181F29A28D008C03BE /* AppleScreenView.swift */; };
		2A5BC51C1F29A2EB008C03BE /* QuartzCore.framework in Frameworks */ = {isa = PBXBuildFile; fileRef = 2A5BC51B1F29A2EB008C03BE /* QuartzCore.framework */; };
		2A5BC51E1F29A4C3008C03BE /* AppleIBitmapDisplay.swift in Sources */ = {isa = PBXBuildFile; fileRef = 2A5BC51D1F29A4C3008C03BE /* AppleIBitmapDisplay.swift */; };
		2A60851E1F2AFAE900E05B64 /* PIA.swift in Sources */ = {isa = PBXBuildFile; fileRef = 2A60851D1F2AFAE900E05B64 /* PIA.swift */; };
		2A6D3BF21F2E6222001CBEFB /* AppleGLDisplay.swift in Sources */ = {isa = PBXBuildFile; fileRef = 2A6D3BF11F2E6222001CBEFB /* AppleGLDisplay.swift */; };
		2AA8B5F81F2A8889002B350F /* AppleI.swift in Sources */ = {isa = PBXBuildFile; fileRef = 2AA8B5F71F2A8889002B350F /* AppleI.swift */; };
		2AA8B5FC1F2A8EAD002B350F /* Terminal.swift in Sources */ = {isa = PBXBuildFile; fileRef = 2AA8B5FB1F2A8EAD002B350F /* Terminal.swift */; };
		2AA8B5FE1F2A942C002B350F /* PIAOverrides.swift in Sources */ = {isa = PBXBuildFile; fileRef = 2AA8B5FD1F2A942C002B350F /* PIAOverrides.swift */; };
		2AD458CE1F205EB700F05121 /* AppDelegate.swift in Sources */ = {isa = PBXBuildFile; fileRef = 2AD458CD1F205EB700F05121 /* AppDelegate.swift */; };
		2AD458D01F205EB700F05121 /* DebuggerViewController.swift in Sources */ = {isa = PBXBuildFile; fileRef = 2AD458CF1F205EB700F05121 /* DebuggerViewController.swift */; };
		2AD458D21F205EB700F05121 /* Assets.xcassets in Resources */ = {isa = PBXBuildFile; fileRef = 2AD458D11F205EB700F05121 /* Assets.xcassets */; };
		2AD458D51F205EB700F05121 /* Debugger.storyboard in Resources */ = {isa = PBXBuildFile; fileRef = 2AD458D31F205EB700F05121 /* Debugger.storyboard */; };
		2AD458DF1F205F4500F05121 /* CPU.swift in Sources */ = {isa = PBXBuildFile; fileRef = 2AD458DE1F205F4500F05121 /* CPU.swift */; };
		2AD458E11F2064CB00F05121 /* MemoryInterface.swift in Sources */ = {isa = PBXBuildFile; fileRef = 2AD458E01F2064CB00F05121 /* MemoryInterface.swift */; };
		2AD458E31F20661300F05121 /* CPUInstructions.swift in Sources */ = {isa = PBXBuildFile; fileRef = 2AD458E21F20661300F05121 /* CPUInstructions.swift */; };
		2AD458E51F2070DF00F05121 /* Opcodes.swift in Sources */ = {isa = PBXBuildFile; fileRef = 2AD458E41F2070DF00F05121 /* Opcodes.swift */; };
		2AD6D5841F26E6BF008F3CF5 /* DebuggerCommands.swift in Sources */ = {isa = PBXBuildFile; fileRef = 2AD6D5831F26E6BF008F3CF5 /* DebuggerCommands.swift */; };
		2AE42E081F2850F400C4900E /* ReadOverride.swift in Sources */ = {isa = PBXBuildFile; fileRef = 2AE42E071F2850F400C4900E /* ReadOverride.swift */; };
		2AE42E0A1F28521E00C4900E /* WriteOverride.swift in Sources */ = {isa = PBXBuildFile; fileRef = 2AE42E091F28521E00C4900E /* WriteOverride.swift */; };
		2AE42E0C1F28522D00C4900E /* MemoryOverride.swift in Sources */ = {isa = PBXBuildFile; fileRef = 2AE42E0B1F28522D00C4900E /* MemoryOverride.swift */; };
		2AE42E3A1F28628300C4900E /* MainViewController.swift in Sources */ = {isa = PBXBuildFile; fileRef = 2AE42E381F28628300C4900E /* MainViewController.swift */; };
		2AE42E401F28638100C4900E /* FruitMachine.storyboard in Resources */ = {isa = PBXBuildFile; fileRef = 2AE42E3F1F28638100C4900E /* FruitMachine.storyboard */; };
		2AE42E431F28665300C4900E /* CharacterGenerator.swift in Sources */ = {isa = PBXBuildFile; fileRef = 2AE42E421F28665300C4900E /* CharacterGenerator.swift */; };
		2AE5BA041F23DE4400FAA343 /* Disassembly.swift in Sources */ = {isa = PBXBuildFile; fileRef = 2AE5BA031F23DE4400FAA343 /* Disassembly.swift */; };
		2AE5BA061F2469EB00FAA343 /* AddressConversions.swift in Sources */ = {isa = PBXBuildFile; fileRef = 2AE5BA051F2469EB00FAA343 /* AddressConversions.swift */; };
/* End PBXBuildFile section */

/* Begin PBXFileReference section */
		2A2126831F2A9FA300E43DC1 /* DebuggerWindowController.swift */ = {isa = PBXFileReference; lastKnownFileType = sourcecode.swift; path = DebuggerWindowController.swift; sourceTree = "<group>"; };
		2A22EBFA1F21A7A700A36A61 /* IntegerExtensions.swift */ = {isa = PBXFileReference; lastKnownFileType = sourcecode.swift; path = IntegerExtensions.swift; sourceTree = "<group>"; };
		2A5BC5181F29A28D008C03BE /* AppleScreenView.swift */ = {isa = PBXFileReference; lastKnownFileType = sourcecode.swift; path = AppleScreenView.swift; sourceTree = "<group>"; };
		2A5BC51B1F29A2EB008C03BE /* QuartzCore.framework */ = {isa = PBXFileReference; lastKnownFileType = wrapper.framework; name = QuartzCore.framework; path = System/Library/Frameworks/QuartzCore.framework; sourceTree = SDKROOT; };
		2A5BC51D1F29A4C3008C03BE /* AppleIBitmapDisplay.swift */ = {isa = PBXFileReference; lastKnownFileType = sourcecode.swift; path = AppleIBitmapDisplay.swift; sourceTree = "<group>"; };
		2A60851D1F2AFAE900E05B64 /* PIA.swift */ = {isa = PBXFileReference; lastKnownFileType = sourcecode.swift; path = PIA.swift; sourceTree = "<group>"; };
		2A6D3BF11F2E6222001CBEFB /* AppleGLDisplay.swift */ = {isa = PBXFileReference; lastKnownFileType = sourcecode.swift; path = AppleGLDisplay.swift; sourceTree = "<group>"; };
		2AA8B5F71F2A8889002B350F /* AppleI.swift */ = {isa = PBXFileReference; lastKnownFileType = sourcecode.swift; path = AppleI.swift; sourceTree = "<group>"; };
		2AA8B5FB1F2A8EAD002B350F /* Terminal.swift */ = {isa = PBXFileReference; lastKnownFileType = sourcecode.swift; path = Terminal.swift; sourceTree = "<group>"; };
		2AA8B5FD1F2A942C002B350F /* PIAOverrides.swift */ = {isa = PBXFileReference; lastKnownFileType = sourcecode.swift; path = PIAOverrides.swift; sourceTree = "<group>"; };
		2AD458CA1F205EB700F05121 /* FruitMachine.app */ = {isa = PBXFileReference; explicitFileType = wrapper.application; includeInIndex = 0; path = FruitMachine.app; sourceTree = BUILT_PRODUCTS_DIR; };
		2AD458CD1F205EB700F05121 /* AppDelegate.swift */ = {isa = PBXFileReference; lastKnownFileType = sourcecode.swift; path = AppDelegate.swift; sourceTree = "<group>"; };
		2AD458CF1F205EB700F05121 /* DebuggerViewController.swift */ = {isa = PBXFileReference; lastKnownFileType = sourcecode.swift; path = DebuggerViewController.swift; sourceTree = "<group>"; };
		2AD458D11F205EB700F05121 /* Assets.xcassets */ = {isa = PBXFileReference; lastKnownFileType = folder.assetcatalog; path = Assets.xcassets; sourceTree = "<group>"; };
		2AD458D41F205EB700F05121 /* Base */ = {isa = PBXFileReference; lastKnownFileType = file.storyboard; name = Base; path = Base.lproj/Debugger.storyboard; sourceTree = "<group>"; };
		2AD458D61F205EB700F05121 /* Info.plist */ = {isa = PBXFileReference; lastKnownFileType = text.plist.xml; path = Info.plist; sourceTree = "<group>"; };
		2AD458D71F205EB700F05121 /* FruitMachine.entitlements */ = {isa = PBXFileReference; lastKnownFileType = text.plist.entitlements; path = FruitMachine.entitlements; sourceTree = "<group>"; };
		2AD458DE1F205F4500F05121 /* CPU.swift */ = {isa = PBXFileReference; lastKnownFileType = sourcecode.swift; path = CPU.swift; sourceTree = "<group>"; };
		2AD458E01F2064CB00F05121 /* MemoryInterface.swift */ = {isa = PBXFileReference; lastKnownFileType = sourcecode.swift; path = MemoryInterface.swift; sourceTree = "<group>"; };
		2AD458E21F20661300F05121 /* CPUInstructions.swift */ = {isa = PBXFileReference; lastKnownFileType = sourcecode.swift; path = CPUInstructions.swift; sourceTree = "<group>"; };
		2AD458E41F2070DF00F05121 /* Opcodes.swift */ = {isa = PBXFileReference; lastKnownFileType = sourcecode.swift; path = Opcodes.swift; sourceTree = "<group>"; };
		2AD6D5831F26E6BF008F3CF5 /* DebuggerCommands.swift */ = {isa = PBXFileReference; lastKnownFileType = sourcecode.swift; path = DebuggerCommands.swift; sourceTree = "<group>"; };
		2AE42E071F2850F400C4900E /* ReadOverride.swift */ = {isa = PBXFileReference; lastKnownFileType = sourcecode.swift; path = ReadOverride.swift; sourceTree = "<group>"; };
		2AE42E091F28521E00C4900E /* WriteOverride.swift */ = {isa = PBXFileReference; lastKnownFileType = sourcecode.swift; path = WriteOverride.swift; sourceTree = "<group>"; };
		2AE42E0B1F28522D00C4900E /* MemoryOverride.swift */ = {isa = PBXFileReference; lastKnownFileType = sourcecode.swift; path = MemoryOverride.swift; sourceTree = "<group>"; };
		2AE42E381F28628300C4900E /* MainViewController.swift */ = {isa = PBXFileReference; lastKnownFileType = sourcecode.swift; path = MainViewController.swift; sourceTree = "<group>"; };
		2AE42E3F1F28638100C4900E /* FruitMachine.storyboard */ = {isa = PBXFileReference; lastKnownFileType = file.storyboard; path = FruitMachine.storyboard; sourceTree = "<group>"; };
		2AE42E421F28665300C4900E /* CharacterGenerator.swift */ = {isa = PBXFileReference; lastKnownFileType = sourcecode.swift; path = CharacterGenerator.swift; sourceTree = "<group>"; };
		2AE5BA031F23DE4400FAA343 /* Disassembly.swift */ = {isa = PBXFileReference; lastKnownFileType = sourcecode.swift; path = Disassembly.swift; sourceTree = "<group>"; };
		2AE5BA051F2469EB00FAA343 /* AddressConversions.swift */ = {isa = PBXFileReference; lastKnownFileType = sourcecode.swift; path = AddressConversions.swift; sourceTree = "<group>"; };
/* End PBXFileReference section */

/* Begin PBXFrameworksBuildPhase section */
		2AD458C71F205EB700F05121 /* Frameworks */ = {
			isa = PBXFrameworksBuildPhase;
			buildActionMask = 2147483647;
			files = (
				2A5BC51C1F29A2EB008C03BE /* QuartzCore.framework in Frameworks */,
			);
			runOnlyForDeploymentPostprocessing = 0;
		};
/* End PBXFrameworksBuildPhase section */

/* Begin PBXGroup section */
		2A5BC51A1F29A2EB008C03BE /* Frameworks */ = {
			isa = PBXGroup;
			children = (
				2A5BC51B1F29A2EB008C03BE /* QuartzCore.framework */,
			);
			name = Frameworks;
			sourceTree = "<group>";
		};
		2AA8B5F61F2A8844002B350F /* AppleI */ = {
			isa = PBXGroup;
			children = (
				2AE42E411F28663600C4900E /* Video */,
				2A5BC5181F29A28D008C03BE /* AppleScreenView.swift */,
				2A5BC51D1F29A4C3008C03BE /* AppleIBitmapDisplay.swift */,
				2AA8B5F71F2A8889002B350F /* AppleI.swift */,
				2A60851D1F2AFAE900E05B64 /* PIA.swift */,
				2A6D3BF11F2E6222001CBEFB /* AppleGLDisplay.swift */,
			);
			path = AppleI;
			sourceTree = "<group>";
		};
		2AD458C11F205EB700F05121 = {
			isa = PBXGroup;
			children = (
				2AD458CC1F205EB700F05121 /* FruitMachine */,
				2AD458CB1F205EB700F05121 /* Products */,
				2A5BC51A1F29A2EB008C03BE /* Frameworks */,
			);
			sourceTree = "<group>";
		};
		2AD458CB1F205EB700F05121 /* Products */ = {
			isa = PBXGroup;
			children = (
				2AD458CA1F205EB700F05121 /* FruitMachine.app */,
			);
			name = Products;
			sourceTree = "<group>";
		};
		2AD458CC1F205EB700F05121 /* FruitMachine */ = {
			isa = PBXGroup;
			children = (
				2AA8B5F61F2A8844002B350F /* AppleI */,
				2AD458DD1F205F0D00F05121 /* M6502 */,
				2AD458CD1F205EB700F05121 /* AppDelegate.swift */,
				2AE42E381F28628300C4900E /* MainViewController.swift */,
				2AE42E3F1F28638100C4900E /* FruitMachine.storyboard */,
				2AD458D11F205EB700F05121 /* Assets.xcassets */,
				2AD458D61F205EB700F05121 /* Info.plist */,
				2AD458D71F205EB700F05121 /* FruitMachine.entitlements */,
			);
			path = FruitMachine;
			sourceTree = "<group>";
		};
		2AD458DD1F205F0D00F05121 /* M6502 */ = {
			isa = PBXGroup;
			children = (
				2AE42E0F1F28563800C4900E /* Types */,
				2AE42E0E1F28562D00C4900E /* Opcodes */,
				2AE42E0D1F28561A00C4900E /* Debugger */,
				2AE42E061F2850E100C4900E /* Memory */,
				2AD458DE1F205F4500F05121 /* CPU.swift */,
			);
			path = M6502;
			sourceTree = "<group>";
		};
		2AE42E061F2850E100C4900E /* Memory */ = {
			isa = PBXGroup;
			children = (
				2AD458E01F2064CB00F05121 /* MemoryInterface.swift */,
				2AE42E071F2850F400C4900E /* ReadOverride.swift */,
				2AE42E091F28521E00C4900E /* WriteOverride.swift */,
				2AE42E0B1F28522D00C4900E /* MemoryOverride.swift */,
			);
			path = Memory;
			sourceTree = "<group>";
		};
		2AE42E0D1F28561A00C4900E /* Debugger */ = {
			isa = PBXGroup;
			children = (
				2AD458D31F205EB700F05121 /* Debugger.storyboard */,
				2AD458CF1F205EB700F05121 /* DebuggerViewController.swift */,
				2A2126831F2A9FA300E43DC1 /* DebuggerWindowController.swift */,
				2AD6D5831F26E6BF008F3CF5 /* DebuggerCommands.swift */,
				2AE5BA031F23DE4400FAA343 /* Disassembly.swift */,
			);
			path = Debugger;
			sourceTree = "<group>";
		};
		2AE42E0E1F28562D00C4900E /* Opcodes */ = {
			isa = PBXGroup;
			children = (
				2AD458E41F2070DF00F05121 /* Opcodes.swift */,
				2AD458E21F20661300F05121 /* CPUInstructions.swift */,
			);
			path = Opcodes;
			sourceTree = "<group>";
		};
		2AE42E0F1F28563800C4900E /* Types */ = {
			isa = PBXGroup;
			children = (
				2AE5BA051F2469EB00FAA343 /* AddressConversions.swift */,
				2A22EBFA1F21A7A700A36A61 /* IntegerExtensions.swift */,
			);
			path = Types;
			sourceTree = "<group>";
		};
		2AE42E411F28663600C4900E /* Video */ = {
			isa = PBXGroup;
			children = (
				2AE42E421F28665300C4900E /* CharacterGenerator.swift */,
				2AA8B5FB1F2A8EAD002B350F /* Terminal.swift */,
				2AA8B5FD1F2A942C002B350F /* PIAOverrides.swift */,
			);
			path = Video;
			sourceTree = "<group>";
		};
/* End PBXGroup section */

/* Begin PBXNativeTarget section */
		2AD458C91F205EB700F05121 /* FruitMachine */ = {
			isa = PBXNativeTarget;
			buildConfigurationList = 2AD458DA1F205EB700F05121 /* Build configuration list for PBXNativeTarget "FruitMachine" */;
			buildPhases = (
				2AD458C61F205EB700F05121 /* Sources */,
				2AD458C71F205EB700F05121 /* Frameworks */,
				2AD458C81F205EB700F05121 /* Resources */,
			);
			buildRules = (
			);
			dependencies = (
			);
			name = FruitMachine;
			productName = FruitMachine;
			productReference = 2AD458CA1F205EB700F05121 /* FruitMachine.app */;
			productType = "com.apple.product-type.application";
		};
/* End PBXNativeTarget section */

/* Begin PBXProject section */
		2AD458C21F205EB700F05121 /* Project object */ = {
			isa = PBXProject;
			attributes = {
				LastSwiftUpdateCheck = 0900;
				LastUpgradeCheck = 0900;
				ORGANIZATIONNAME = "Christopher Rohl";
				TargetAttributes = {
					2AD458C91F205EB700F05121 = {
						CreatedOnToolsVersion = 9.0;
					};
				};
			};
			buildConfigurationList = 2AD458C51F205EB700F05121 /* Build configuration list for PBXProject "FruitMachine" */;
			compatibilityVersion = "Xcode 8.0";
			developmentRegion = en;
			hasScannedForEncodings = 0;
			knownRegions = (
				en,
				Base,
			);
			mainGroup = 2AD458C11F205EB700F05121;
			productRefGroup = 2AD458CB1F205EB700F05121 /* Products */;
			projectDirPath = "";
			projectRoot = "";
			targets = (
				2AD458C91F205EB700F05121 /* FruitMachine */,
			);
		};
/* End PBXProject section */

/* Begin PBXResourcesBuildPhase section */
		2AD458C81F205EB700F05121 /* Resources */ = {
			isa = PBXResourcesBuildPhase;
			buildActionMask = 2147483647;
			files = (
				2AD458D21F205EB700F05121 /* Assets.xcassets in Resources */,
				2AE42E401F28638100C4900E /* FruitMachine.storyboard in Resources */,
				2AD458D51F205EB700F05121 /* Debugger.storyboard in Resources */,
			);
			runOnlyForDeploymentPostprocessing = 0;
		};
/* End PBXResourcesBuildPhase section */

/* Begin PBXSourcesBuildPhase section */
		2AD458C61F205EB700F05121 /* Sources */ = {
			isa = PBXSourcesBuildPhase;
			buildActionMask = 2147483647;
			files = (
				2A60851E1F2AFAE900E05B64 /* PIA.swift in Sources */,
				2A2126841F2A9FA300E43DC1 /* DebuggerWindowController.swift in Sources */,
				2AD458E31F20661300F05121 /* CPUInstructions.swift in Sources */,
				2AD458D01F205EB700F05121 /* DebuggerViewController.swift in Sources */,
				2AA8B5FC1F2A8EAD002B350F /* Terminal.swift in Sources */,
				2A5BC51E1F29A4C3008C03BE /* AppleIBitmapDisplay.swift in Sources */,
				2AD458CE1F205EB700F05121 /* AppDelegate.swift in Sources */,
				2AE42E431F28665300C4900E /* CharacterGenerator.swift in Sources */,
				2AE42E0C1F28522D00C4900E /* MemoryOverride.swift in Sources */,
				2A22EBFB1F21A7A700A36A61 /* IntegerExtensions.swift in Sources */,
				2AD6D5841F26E6BF008F3CF5 /* DebuggerCommands.swift in Sources */,
				2AE5BA041F23DE4400FAA343 /* Disassembly.swift in Sources */,
				2AE42E3A1F28628300C4900E /* MainViewController.swift in Sources */,
				2AD458E51F2070DF00F05121 /* Opcodes.swift in Sources */,
				2AE42E081F2850F400C4900E /* ReadOverride.swift in Sources */,
				2AA8B5FE1F2A942C002B350F /* PIAOverrides.swift in Sources */,
				2AE5BA061F2469EB00FAA343 /* AddressConversions.swift in Sources */,
				2AE42E0A1F28521E00C4900E /* WriteOverride.swift in Sources */,
				2A5BC5191F29A28D008C03BE /* AppleScreenView.swift in Sources */,
				2A6D3BF21F2E6222001CBEFB /* AppleGLDisplay.swift in Sources */,
				2AD458E11F2064CB00F05121 /* MemoryInterface.swift in Sources */,
				2AA8B5F81F2A8889002B350F /* AppleI.swift in Sources */,
				2AD458DF1F205F4500F05121 /* CPU.swift in Sources */,
			);
			runOnlyForDeploymentPostprocessing = 0;
		};
/* End PBXSourcesBuildPhase section */

/* Begin PBXVariantGroup section */
		2AD458D31F205EB700F05121 /* Debugger.storyboard */ = {
			isa = PBXVariantGroup;
			children = (
				2AD458D41F205EB700F05121 /* Base */,
			);
			name = Debugger.storyboard;
			sourceTree = "<group>";
		};
/* End PBXVariantGroup section */

/* Begin XCBuildConfiguration section */
		2AD458D81F205EB700F05121 /* Debug */ = {
			isa = XCBuildConfiguration;
			buildSettings = {
				ALWAYS_SEARCH_USER_PATHS = NO;
				CLANG_ANALYZER_NONNULL = YES;
				CLANG_ANALYZER_NUMBER_OBJECT_CONVERSION = YES_AGGRESSIVE;
				CLANG_CXX_LANGUAGE_STANDARD = "gnu++14";
				CLANG_CXX_LIBRARY = "libc++";
				CLANG_ENABLE_MODULES = YES;
				CLANG_ENABLE_OBJC_ARC = YES;
				CLANG_WARN_BLOCK_CAPTURE_AUTORELEASING = YES;
				CLANG_WARN_BOOL_CONVERSION = YES;
				CLANG_WARN_COMMA = YES;
				CLANG_WARN_CONSTANT_CONVERSION = YES;
				CLANG_WARN_DIRECT_OBJC_ISA_USAGE = YES_ERROR;
				CLANG_WARN_DOCUMENTATION_COMMENTS = YES;
				CLANG_WARN_EMPTY_BODY = YES;
				CLANG_WARN_ENUM_CONVERSION = YES;
				CLANG_WARN_INFINITE_RECURSION = YES;
				CLANG_WARN_INT_CONVERSION = YES;
				CLANG_WARN_NON_LITERAL_NULL_CONVERSION = YES;
				CLANG_WARN_OBJC_LITERAL_CONVERSION = YES;
				CLANG_WARN_OBJC_ROOT_CLASS = YES_ERROR;
				CLANG_WARN_RANGE_LOOP_ANALYSIS = YES;
				CLANG_WARN_STRICT_PROTOTYPES = YES;
				CLANG_WARN_SUSPICIOUS_MOVE = YES;
				CLANG_WARN_UNGUARDED_AVAILABILITY = YES_AGGRESSIVE;
				CLANG_WARN_UNREACHABLE_CODE = YES;
				CLANG_WARN__DUPLICATE_METHOD_MATCH = YES;
				CODE_SIGN_IDENTITY = "-";
				COPY_PHASE_STRIP = NO;
				DEBUG_INFORMATION_FORMAT = dwarf;
				ENABLE_STRICT_OBJC_MSGSEND = YES;
				ENABLE_TESTABILITY = YES;
				GCC_C_LANGUAGE_STANDARD = gnu11;
				GCC_DYNAMIC_NO_PIC = NO;
				GCC_NO_COMMON_BLOCKS = YES;
				GCC_OPTIMIZATION_LEVEL = 0;
				GCC_PREPROCESSOR_DEFINITIONS = (
					"DEBUG=1",
					"$(inherited)",
				);
				GCC_WARN_64_TO_32_BIT_CONVERSION = YES;
				GCC_WARN_ABOUT_RETURN_TYPE = YES_ERROR;
				GCC_WARN_UNDECLARED_SELECTOR = YES;
				GCC_WARN_UNINITIALIZED_AUTOS = YES_AGGRESSIVE;
				GCC_WARN_UNUSED_FUNCTION = YES;
				GCC_WARN_UNUSED_VARIABLE = YES;
				MACOSX_DEPLOYMENT_TARGET = 10.12;
				MTL_ENABLE_DEBUG_INFO = YES;
				ONLY_ACTIVE_ARCH = YES;
				SDKROOT = macosx;
				SWIFT_ACTIVE_COMPILATION_CONDITIONS = DEBUG;
				SWIFT_OPTIMIZATION_LEVEL = "-Onone";
			};
			name = Debug;
		};
		2AD458D91F205EB700F05121 /* Release */ = {
			isa = XCBuildConfiguration;
			buildSettings = {
				ALWAYS_SEARCH_USER_PATHS = NO;
				CLANG_ANALYZER_NONNULL = YES;
				CLANG_ANALYZER_NUMBER_OBJECT_CONVERSION = YES_AGGRESSIVE;
				CLANG_CXX_LANGUAGE_STANDARD = "gnu++14";
				CLANG_CXX_LIBRARY = "libc++";
				CLANG_ENABLE_MODULES = YES;
				CLANG_ENABLE_OBJC_ARC = YES;
				CLANG_WARN_BLOCK_CAPTURE_AUTORELEASING = YES;
				CLANG_WARN_BOOL_CONVERSION = YES;
				CLANG_WARN_COMMA = YES;
				CLANG_WARN_CONSTANT_CONVERSION = YES;
				CLANG_WARN_DIRECT_OBJC_ISA_USAGE = YES_ERROR;
				CLANG_WARN_DOCUMENTATION_COMMENTS = YES;
				CLANG_WARN_EMPTY_BODY = YES;
				CLANG_WARN_ENUM_CONVERSION = YES;
				CLANG_WARN_INFINITE_RECURSION = YES;
				CLANG_WARN_INT_CONVERSION = YES;
				CLANG_WARN_NON_LITERAL_NULL_CONVERSION = YES;
				CLANG_WARN_OBJC_LITERAL_CONVERSION = YES;
				CLANG_WARN_OBJC_ROOT_CLASS = YES_ERROR;
				CLANG_WARN_RANGE_LOOP_ANALYSIS = YES;
				CLANG_WARN_STRICT_PROTOTYPES = YES;
				CLANG_WARN_SUSPICIOUS_MOVE = YES;
				CLANG_WARN_UNGUARDED_AVAILABILITY = YES_AGGRESSIVE;
				CLANG_WARN_UNREACHABLE_CODE = YES;
				CLANG_WARN__DUPLICATE_METHOD_MATCH = YES;
				CODE_SIGN_IDENTITY = "-";
				COPY_PHASE_STRIP = NO;
				DEBUG_INFORMATION_FORMAT = "dwarf-with-dsym";
				ENABLE_NS_ASSERTIONS = NO;
				ENABLE_STRICT_OBJC_MSGSEND = YES;
				GCC_C_LANGUAGE_STANDARD = gnu11;
				GCC_NO_COMMON_BLOCKS = YES;
				GCC_WARN_64_TO_32_BIT_CONVERSION = YES;
				GCC_WARN_ABOUT_RETURN_TYPE = YES_ERROR;
				GCC_WARN_UNDECLARED_SELECTOR = YES;
				GCC_WARN_UNINITIALIZED_AUTOS = YES_AGGRESSIVE;
				GCC_WARN_UNUSED_FUNCTION = YES;
				GCC_WARN_UNUSED_VARIABLE = YES;
				MACOSX_DEPLOYMENT_TARGET = 10.12;
				MTL_ENABLE_DEBUG_INFO = NO;
				SDKROOT = macosx;
				SWIFT_OPTIMIZATION_LEVEL = "-Owholemodule";
			};
			name = Release;
		};
		2AD458DB1F205EB700F05121 /* Debug */ = {
			isa = XCBuildConfiguration;
			buildSettings = {
				ASSETCATALOG_COMPILER_APPICON_NAME = AppIcon;
				CODE_SIGN_ENTITLEMENTS = FruitMachine/FruitMachine.entitlements;
				COMBINE_HIDPI_IMAGES = YES;
				INFOPLIST_FILE = FruitMachine/Info.plist;
				LD_RUNPATH_SEARCH_PATHS = "$(inherited) @executable_path/../Frameworks";
				PRODUCT_BUNDLE_IDENTIFIER = com.luigithirty.FruitMachine;
				PRODUCT_NAME = "$(TARGET_NAME)";
				SWIFT_VERSION = 4.0;
			};
			name = Debug;
		};
		2AD458DC1F205EB700F05121 /* Release */ = {
			isa = XCBuildConfiguration;
			buildSettings = {
				ASSETCATALOG_COMPILER_APPICON_NAME = AppIcon;
				CODE_SIGN_ENTITLEMENTS = FruitMachine/FruitMachine.entitlements;
				COMBINE_HIDPI_IMAGES = YES;
				INFOPLIST_FILE = FruitMachine/Info.plist;
				LD_RUNPATH_SEARCH_PATHS = "$(inherited) @executable_path/../Frameworks";
				PRODUCT_BUNDLE_IDENTIFIER = com.luigithirty.FruitMachine;
				PRODUCT_NAME = "$(TARGET_NAME)";
				SWIFT_VERSION = 4.0;
			};
			name = Release;
		};
/* End XCBuildConfiguration section */

/* Begin XCConfigurationList section */
		2AD458C51F205EB700F05121 /* Build configuration list for PBXProject "FruitMachine" */ = {
			isa = XCConfigurationList;
			buildConfigurations = (
				2AD458D81F205EB700F05121 /* Debug */,
				2AD458D91F205EB700F05121 /* Release */,
			);
			defaultConfigurationIsVisible = 0;
			defaultConfigurationName = Release;
		};
		2AD458DA1F205EB700F05121 /* Build configuration list for PBXNativeTarget "FruitMachine" */ = {
			isa = XCConfigurationList;
			buildConfigurations = (
				2AD458DB1F205EB700F05121 /* Debug */,
				2AD458DC1F205EB700F05121 /* Release */,
			);
			defaultConfigurationIsVisible = 0;
			defaultConfigurationName = Release;
		};
/* End XCConfigurationList section */
	};
	rootObject = 2AD458C21F205EB700F05121 /* Project object */;
}
